
Microsoft Visual Studio Solution File, Format Version 12.00
# Visual Studio Version 16
VisualStudioVersion = 16.0.32106.194
MinimumVisualStudioVersion = 10.0.40219.1
Project("{FAE04EC0-301F-11D3-BF4B-00C04F79EFBC}") = "Metin_Belgesi_Kaydetme", "Metin_Belgesi_Kaydetme\Metin_Belgesi_Kaydetme.csproj", "{DC355868-D189-4D13-8ECF-8E846B2A31F9}"
EndProject
Global
	GlobalSection(SolutionConfigurationPlatforms) = preSolution
		Debug|Any CPU = Debug|Any CPU
		Release|Any CPU = Release|Any CPU
	EndGlobalSection
	GlobalSection(ProjectConfigurationPlatforms) = postSolution
		{DC355868-D189-4D13-8ECF-8E846B2A31F9}.Debug|Any CPU.ActiveCfg = Debug|Any CPU
		{DC355868-D189-4D13-8ECF-8E846B2A31F9}.Debug|Any CPU.Build.0 = Debug|Any CPU
		{DC355868-D189-4D13-8ECF-8E846B2A31F9}.Release|Any CPU.ActiveCfg = Release|Any CPU
		{DC355868-D189-4D13-8ECF-8E846B2A31F9}.Release|Any CPU.Build.0 = Release|Any CPU
	EndGlobalSection
	GlobalSection(SolutionProperties) = preSolution
		HideSolutionNode = FALSE
	EndGlobalSection
	GlobalSection(ExtensibilityGlobals) = postSolution
		SolutionGuid = {2B711D85-B015-4DAF-9181-F332FB438654}
	EndGlobalSection
EndGlobal
