
Microsoft Visual Studio Solution File, Format Version 12.00
# Visual Studio Version 16
VisualStudioVersion = 16.0.32106.194
MinimumVisualStudioVersion = 10.0.40219.1
Project("{FAE04EC0-301F-11D3-BF4B-00C04F79EFBC}") = "Dosya_Klasör", "Dosya_Klasör\Dosya_Klasör.csproj", "{1A18C8EC-FAAA-47C8-A61E-F29895684B9B}"
EndProject
Global
	GlobalSection(SolutionConfigurationPlatforms) = preSolution
		Debug|Any CPU = Debug|Any CPU
		Release|Any CPU = Release|Any CPU
	EndGlobalSection
	GlobalSection(ProjectConfigurationPlatforms) = postSolution
		{1A18C8EC-FAAA-47C8-A61E-F29895684B9B}.Debug|Any CPU.ActiveCfg = Debug|Any CPU
		{1A18C8EC-FAAA-47C8-A61E-F29895684B9B}.Debug|Any CPU.Build.0 = Debug|Any CPU
		{1A18C8EC-FAAA-47C8-A61E-F29895684B9B}.Release|Any CPU.ActiveCfg = Release|Any CPU
		{1A18C8EC-FAAA-47C8-A61E-F29895684B9B}.Release|Any CPU.Build.0 = Release|Any CPU
	EndGlobalSection
	GlobalSection(SolutionProperties) = preSolution
		HideSolutionNode = FALSE
	EndGlobalSection
	GlobalSection(ExtensibilityGlobals) = postSolution
		SolutionGuid = {DCFE42B5-4528-4A4B-AB40-B1FBE33CEBED}
	EndGlobalSection
EndGlobal
